
Microsoft Visual Studio Solution File, Format Version 12.00
# Visual Studio Version 17
VisualStudioVersion = 17.5.33627.172
MinimumVisualStudioVersion = 10.0.40219.1
Project("{FAE04EC0-301F-11D3-BF4B-00C04F79EFBC}") = "EO_interview", "EO_interview\EO_interview.csproj", "{CFD9B879-EDDF-46EA-AC30-B5D876893400}"
EndProject
Global
	GlobalSection(SolutionConfigurationPlatforms) = preSolution
		Debug|Any CPU = Debug|Any CPU
		Release|Any CPU = Release|Any CPU
	EndGlobalSection
	GlobalSection(ProjectConfigurationPlatforms) = postSolution
		{CFD9B879-EDDF-46EA-AC30-B5D876893400}.Debug|Any CPU.ActiveCfg = Debug|Any CPU
		{CFD9B879-EDDF-46EA-AC30-B5D876893400}.Debug|Any CPU.Build.0 = Debug|Any CPU
		{CFD9B879-EDDF-46EA-AC30-B5D876893400}.Release|Any CPU.ActiveCfg = Release|Any CPU
		{CFD9B879-EDDF-46EA-AC30-B5D876893400}.Release|Any CPU.Build.0 = Release|Any CPU
	EndGlobalSection
	GlobalSection(SolutionProperties) = preSolution
		HideSolutionNode = FALSE
	EndGlobalSection
	GlobalSection(ExtensibilityGlobals) = postSolution
		SolutionGuid = {8FA113D5-BEA3-4C3E-9B7F-182F014A5C3A}
	EndGlobalSection
EndGlobal
